{
  "name": "company-os-realtime-relay",
  "version": "0.1.0",
  "lockfileVersion": 3,
  "requires": true,
  "packages": {
    "": {
      "name": "company-os-realtime-relay",
      "version": "0.1.0",
      "license": "UNLICENSED",
      "dependencies": {
        "@deepgram/sdk": "5.10.0"
      },
      "engines": {
        "node": ">=24.0.0"
      }
    },
    "node_modules/@deepgram/sdk": {
      "version": "5.10.0",
      "resolved": "https://registry.npmjs.org/@deepgram/sdk/-/sdk-5.10.0.tgz",
      "integrity": "sha512-GNse88Irf4ow4UlL+WbJjDOnJbpnX6B6e21PLxzfG0ioJlx5rVGbEX0OF06QgTiVyJ+VCtG5gdNum5DV2pwI1A==",
      "license": "MIT",
      "dependencies": {
        "ws": "^8.20.0"
      },
      "engines": {
        "node": ">=18.0.0"
      }
    },
    "node_modules/ws": {
      "version": "8.22.0",
      "resolved": "https://registry.npmjs.org/ws/-/ws-8.22.0.tgz",
      "integrity": "sha512-Ydggc987+RO0AnWtZ/7Wq9FtNvcrL1b/RO0ud9mWjUPgDrsAAwQSF51sm2hm1XofbU/4jkpGEsLFsZZxU+1DOg==",
      "license": "MIT",
      "engines": {
        "node": ">=10.0.0"
      },
      "peerDependencies": {
        "bufferutil": "^4.0.1",
        "utf-8-validate": ">=5.0.2"
      },
      "peerDependenciesMeta": {
        "bufferutil": {
          "optional": true
        },
        "utf-8-validate": {
          "optional": true
        }
      }
    }
  }
}
